
Microsoft Visual Studio Solution File, Format Version 12.00
# Visual Studio Version 16
VisualStudioVersion = 16.0.31624.102
MinimumVisualStudioVersion = 10.0.40219.1
Project("{FAE04EC0-301F-11D3-BF4B-00C04F79EFBC}") = "State Matriculation Exam Preparation 1", "State Matriculation Exam Preparation 1.csproj", "{F94AFF1C-EE85-401E-8A64-40BBEDBFACCF}"
EndProject
Global
	GlobalSection(SolutionConfigurationPlatforms) = preSolution
		Debug|Any CPU = Debug|Any CPU
		Release|Any CPU = Release|Any CPU
	EndGlobalSection
	GlobalSection(ProjectConfigurationPlatforms) = postSolution
		{F94AFF1C-EE85-401E-8A64-40BBEDBFACCF}.Debug|Any CPU.ActiveCfg = Debug|Any CPU
		{F94AFF1C-EE85-401E-8A64-40BBEDBFACCF}.Debug|Any CPU.Build.0 = Debug|Any CPU
		{F94AFF1C-EE85-401E-8A64-40BBEDBFACCF}.Release|Any CPU.ActiveCfg = Release|Any CPU
		{F94AFF1C-EE85-401E-8A64-40BBEDBFACCF}.Release|Any CPU.Build.0 = Release|Any CPU
	EndGlobalSection
	GlobalSection(SolutionProperties) = preSolution
		HideSolutionNode = FALSE
	EndGlobalSection
	GlobalSection(ExtensibilityGlobals) = postSolution
		SolutionGuid = {FD2DE094-5FFD-4A77-B710-951438A6CB78}
	EndGlobalSection
EndGlobal
