
Microsoft Visual Studio Solution File, Format Version 12.00
# Visual Studio Version 16
VisualStudioVersion = 16.0.31624.102
MinimumVisualStudioVersion = 10.0.40219.1
Project("{FAE04EC0-301F-11D3-BF4B-00C04F79EFBC}") = "Scheduling Work on Time", "Scheduling Work on Time\Scheduling Work on Time.csproj", "{EACC092B-FC2D-4476-8BAC-6B7C96468DB2}"
EndProject
Global
	GlobalSection(SolutionConfigurationPlatforms) = preSolution
		Debug|Any CPU = Debug|Any CPU
		Release|Any CPU = Release|Any CPU
	EndGlobalSection
	GlobalSection(ProjectConfigurationPlatforms) = postSolution
		{EACC092B-FC2D-4476-8BAC-6B7C96468DB2}.Debug|Any CPU.ActiveCfg = Debug|Any CPU
		{EACC092B-FC2D-4476-8BAC-6B7C96468DB2}.Debug|Any CPU.Build.0 = Debug|Any CPU
		{EACC092B-FC2D-4476-8BAC-6B7C96468DB2}.Release|Any CPU.ActiveCfg = Release|Any CPU
		{EACC092B-FC2D-4476-8BAC-6B7C96468DB2}.Release|Any CPU.Build.0 = Release|Any CPU
	EndGlobalSection
	GlobalSection(SolutionProperties) = preSolution
		HideSolutionNode = FALSE
	EndGlobalSection
	GlobalSection(ExtensibilityGlobals) = postSolution
		SolutionGuid = {6B76DDBF-BA13-4522-9DE2-10B8DA05A30F}
	EndGlobalSection
EndGlobal
