
Microsoft Visual Studio Solution File, Format Version 12.00
# Visual Studio Version 16
VisualStudioVersion = 16.0.30804.86
MinimumVisualStudioVersion = 10.0.40219.1
Project("{9A19103F-16F7-4668-BE54-9A1E7A4F7556}") = "Password Validator MVC", "Password Validator MVC\Password Validator MVC.csproj", "{0A6711E2-0C1F-4304-B6B0-A28C00DA5739}"
EndProject
Project("{FAE04EC0-301F-11D3-BF4B-00C04F79EFBC}") = "Password Validator MVC Tests", "Password Validator MVC Tests\Password Validator MVC Tests.csproj", "{D7E2BCC6-E0FA-4CA6-BB02-025CC8D36BAD}"
EndProject
Global
	GlobalSection(SolutionConfigurationPlatforms) = preSolution
		Debug|Any CPU = Debug|Any CPU
		Release|Any CPU = Release|Any CPU
	EndGlobalSection
	GlobalSection(ProjectConfigurationPlatforms) = postSolution
		{0A6711E2-0C1F-4304-B6B0-A28C00DA5739}.Debug|Any CPU.ActiveCfg = Debug|Any CPU
		{0A6711E2-0C1F-4304-B6B0-A28C00DA5739}.Debug|Any CPU.Build.0 = Debug|Any CPU
		{0A6711E2-0C1F-4304-B6B0-A28C00DA5739}.Release|Any CPU.ActiveCfg = Release|Any CPU
		{0A6711E2-0C1F-4304-B6B0-A28C00DA5739}.Release|Any CPU.Build.0 = Release|Any CPU
		{D7E2BCC6-E0FA-4CA6-BB02-025CC8D36BAD}.Debug|Any CPU.ActiveCfg = Debug|Any CPU
		{D7E2BCC6-E0FA-4CA6-BB02-025CC8D36BAD}.Debug|Any CPU.Build.0 = Debug|Any CPU
		{D7E2BCC6-E0FA-4CA6-BB02-025CC8D36BAD}.Release|Any CPU.ActiveCfg = Release|Any CPU
		{D7E2BCC6-E0FA-4CA6-BB02-025CC8D36BAD}.Release|Any CPU.Build.0 = Release|Any CPU
	EndGlobalSection
	GlobalSection(SolutionProperties) = preSolution
		HideSolutionNode = FALSE
	EndGlobalSection
	GlobalSection(ExtensibilityGlobals) = postSolution
		SolutionGuid = {FFF8A004-B492-4F60-8C61-1AF87F76EEB1}
	EndGlobalSection
EndGlobal
