
Microsoft Visual Studio Solution File, Format Version 12.00
# Visual Studio Version 16
VisualStudioVersion = 16.0.31019.35
MinimumVisualStudioVersion = 10.0.40219.1
Project("{9A19103F-16F7-4668-BE54-9A1E7A4F7556}") = "RationalMVC", "RationalMVC\RationalMVC.csproj", "{31B839FD-878F-4144-9D64-5D388788E875}"
EndProject
Project("{FAE04EC0-301F-11D3-BF4B-00C04F79EFBC}") = "RationalTests", "RationalTests\RationalTests.csproj", "{88556B41-A03D-4CDD-B128-3E8ECB757501}"
EndProject
Global
	GlobalSection(SolutionConfigurationPlatforms) = preSolution
		Debug|Any CPU = Debug|Any CPU
		Release|Any CPU = Release|Any CPU
	EndGlobalSection
	GlobalSection(ProjectConfigurationPlatforms) = postSolution
		{31B839FD-878F-4144-9D64-5D388788E875}.Debug|Any CPU.ActiveCfg = Debug|Any CPU
		{31B839FD-878F-4144-9D64-5D388788E875}.Debug|Any CPU.Build.0 = Debug|Any CPU
		{31B839FD-878F-4144-9D64-5D388788E875}.Release|Any CPU.ActiveCfg = Release|Any CPU
		{31B839FD-878F-4144-9D64-5D388788E875}.Release|Any CPU.Build.0 = Release|Any CPU
		{88556B41-A03D-4CDD-B128-3E8ECB757501}.Debug|Any CPU.ActiveCfg = Debug|Any CPU
		{88556B41-A03D-4CDD-B128-3E8ECB757501}.Debug|Any CPU.Build.0 = Debug|Any CPU
		{88556B41-A03D-4CDD-B128-3E8ECB757501}.Release|Any CPU.ActiveCfg = Release|Any CPU
		{88556B41-A03D-4CDD-B128-3E8ECB757501}.Release|Any CPU.Build.0 = Release|Any CPU
	EndGlobalSection
	GlobalSection(SolutionProperties) = preSolution
		HideSolutionNode = FALSE
	EndGlobalSection
	GlobalSection(ExtensibilityGlobals) = postSolution
		SolutionGuid = {A4FBA69C-44ED-4CA1-A95B-E671543E8253}
	EndGlobalSection
EndGlobal
