
Microsoft Visual Studio Solution File, Format Version 12.00
# Visual Studio Version 16
VisualStudioVersion = 16.0.31702.278
MinimumVisualStudioVersion = 10.0.40219.1
Project("{FAE04EC0-301F-11D3-BF4B-00C04F79EFBC}") = "Linked List", "Linked List.csproj", "{BA3392E0-3E06-44C2-AA51-328E75945E8A}"
EndProject
Global
	GlobalSection(SolutionConfigurationPlatforms) = preSolution
		Debug|Any CPU = Debug|Any CPU
		Release|Any CPU = Release|Any CPU
	EndGlobalSection
	GlobalSection(ProjectConfigurationPlatforms) = postSolution
		{BA3392E0-3E06-44C2-AA51-328E75945E8A}.Debug|Any CPU.ActiveCfg = Debug|Any CPU
		{BA3392E0-3E06-44C2-AA51-328E75945E8A}.Debug|Any CPU.Build.0 = Debug|Any CPU
		{BA3392E0-3E06-44C2-AA51-328E75945E8A}.Release|Any CPU.ActiveCfg = Release|Any CPU
		{BA3392E0-3E06-44C2-AA51-328E75945E8A}.Release|Any CPU.Build.0 = Release|Any CPU
	EndGlobalSection
	GlobalSection(SolutionProperties) = preSolution
		HideSolutionNode = FALSE
	EndGlobalSection
	GlobalSection(ExtensibilityGlobals) = postSolution
		SolutionGuid = {A35DB1B7-C3E7-45F1-9515-A7F843E33289}
	EndGlobalSection
EndGlobal
