
Microsoft Visual Studio Solution File, Format Version 12.00
# Visual Studio Version 16
VisualStudioVersion = 16.0.30804.86
MinimumVisualStudioVersion = 10.0.40219.1
Project("{FAE04EC0-301F-11D3-BF4B-00C04F79EFBC}") = "Division without remainder", "Division without remainder\Division without remainder.csproj", "{7AAB7532-48C4-49DD-A3BF-971A8FBA2927}"
EndProject
Global
	GlobalSection(SolutionConfigurationPlatforms) = preSolution
		Debug|Any CPU = Debug|Any CPU
		Release|Any CPU = Release|Any CPU
	EndGlobalSection
	GlobalSection(ProjectConfigurationPlatforms) = postSolution
		{7AAB7532-48C4-49DD-A3BF-971A8FBA2927}.Debug|Any CPU.ActiveCfg = Debug|Any CPU
		{7AAB7532-48C4-49DD-A3BF-971A8FBA2927}.Debug|Any CPU.Build.0 = Debug|Any CPU
		{7AAB7532-48C4-49DD-A3BF-971A8FBA2927}.Release|Any CPU.ActiveCfg = Release|Any CPU
		{7AAB7532-48C4-49DD-A3BF-971A8FBA2927}.Release|Any CPU.Build.0 = Release|Any CPU
	EndGlobalSection
	GlobalSection(SolutionProperties) = preSolution
		HideSolutionNode = FALSE
	EndGlobalSection
	GlobalSection(ExtensibilityGlobals) = postSolution
		SolutionGuid = {8D253E23-9438-4C2C-97A0-2C2419EDB42B}
	EndGlobalSection
EndGlobal
