
Microsoft Visual Studio Solution File, Format Version 12.00
# Visual Studio Version 16
VisualStudioVersion = 16.0.30804.86
MinimumVisualStudioVersion = 10.0.40219.1
Project("{FAE04EC0-301F-11D3-BF4B-00C04F79EFBC}") = "Tile repair", "Tile repair\Tile repair.csproj", "{C732081D-36E0-4DD6-97AC-D688E89228E3}"
EndProject
Global
	GlobalSection(SolutionConfigurationPlatforms) = preSolution
		Debug|Any CPU = Debug|Any CPU
		Release|Any CPU = Release|Any CPU
	EndGlobalSection
	GlobalSection(ProjectConfigurationPlatforms) = postSolution
		{C732081D-36E0-4DD6-97AC-D688E89228E3}.Debug|Any CPU.ActiveCfg = Debug|Any CPU
		{C732081D-36E0-4DD6-97AC-D688E89228E3}.Debug|Any CPU.Build.0 = Debug|Any CPU
		{C732081D-36E0-4DD6-97AC-D688E89228E3}.Release|Any CPU.ActiveCfg = Release|Any CPU
		{C732081D-36E0-4DD6-97AC-D688E89228E3}.Release|Any CPU.Build.0 = Release|Any CPU
	EndGlobalSection
	GlobalSection(SolutionProperties) = preSolution
		HideSolutionNode = FALSE
	EndGlobalSection
	GlobalSection(ExtensibilityGlobals) = postSolution
		SolutionGuid = {322060A4-083E-453A-9A52-B63EFAB1E8B1}
	EndGlobalSection
EndGlobal
