
Microsoft Visual Studio Solution File, Format Version 12.00
# Visual Studio Version 16
VisualStudioVersion = 16.0.30804.86
MinimumVisualStudioVersion = 10.0.40219.1
Project("{FAE04EC0-301F-11D3-BF4B-00C04F79EFBC}") = "Music Controller", "Music Controller\Music Controller.csproj", "{D6C716E6-302E-445D-A151-9C5F64D64C61}"
EndProject
Global
	GlobalSection(SolutionConfigurationPlatforms) = preSolution
		Debug|Any CPU = Debug|Any CPU
		Release|Any CPU = Release|Any CPU
	EndGlobalSection
	GlobalSection(ProjectConfigurationPlatforms) = postSolution
		{D6C716E6-302E-445D-A151-9C5F64D64C61}.Debug|Any CPU.ActiveCfg = Debug|Any CPU
		{D6C716E6-302E-445D-A151-9C5F64D64C61}.Debug|Any CPU.Build.0 = Debug|Any CPU
		{D6C716E6-302E-445D-A151-9C5F64D64C61}.Release|Any CPU.ActiveCfg = Release|Any CPU
		{D6C716E6-302E-445D-A151-9C5F64D64C61}.Release|Any CPU.Build.0 = Release|Any CPU
	EndGlobalSection
	GlobalSection(SolutionProperties) = preSolution
		HideSolutionNode = FALSE
	EndGlobalSection
	GlobalSection(ExtensibilityGlobals) = postSolution
		SolutionGuid = {218615F5-D57B-469D-909A-49AA2EEF4A8E}
	EndGlobalSection
EndGlobal
