
Microsoft Visual Studio Solution File, Format Version 12.00
# Visual Studio Version 16
VisualStudioVersion = 16.0.30804.86
MinimumVisualStudioVersion = 10.0.40219.1
Project("{FAE04EC0-301F-11D3-BF4B-00C04F79EFBC}") = "TransportMVC", "TransportMVC\TransportMVC.csproj", "{F035B707-4A8C-4C34-BD57-E8EA734C1C41}"
EndProject
Global
	GlobalSection(SolutionConfigurationPlatforms) = preSolution
		Debug|Any CPU = Debug|Any CPU
		Release|Any CPU = Release|Any CPU
	EndGlobalSection
	GlobalSection(ProjectConfigurationPlatforms) = postSolution
		{F035B707-4A8C-4C34-BD57-E8EA734C1C41}.Debug|Any CPU.ActiveCfg = Debug|Any CPU
		{F035B707-4A8C-4C34-BD57-E8EA734C1C41}.Debug|Any CPU.Build.0 = Debug|Any CPU
		{F035B707-4A8C-4C34-BD57-E8EA734C1C41}.Release|Any CPU.ActiveCfg = Release|Any CPU
		{F035B707-4A8C-4C34-BD57-E8EA734C1C41}.Release|Any CPU.Build.0 = Release|Any CPU
	EndGlobalSection
	GlobalSection(SolutionProperties) = preSolution
		HideSolutionNode = FALSE
	EndGlobalSection
	GlobalSection(ExtensibilityGlobals) = postSolution
		SolutionGuid = {83445E87-5FCC-48F3-8E6F-98B969441EFE}
	EndGlobalSection
EndGlobal
