
Microsoft Visual Studio Solution File, Format Version 12.00
# Visual Studio Version 16
VisualStudioVersion = 16.0.31624.102
MinimumVisualStudioVersion = 10.0.40219.1
Project("{FAE04EC0-301F-11D3-BF4B-00C04F79EFBC}") = "Sales by Match", "Sales by Match.csproj", "{3D80F136-D85C-416A-93BB-D5479DA8B683}"
EndProject
Global
	GlobalSection(SolutionConfigurationPlatforms) = preSolution
		Debug|Any CPU = Debug|Any CPU
		Release|Any CPU = Release|Any CPU
	EndGlobalSection
	GlobalSection(ProjectConfigurationPlatforms) = postSolution
		{3D80F136-D85C-416A-93BB-D5479DA8B683}.Debug|Any CPU.ActiveCfg = Debug|Any CPU
		{3D80F136-D85C-416A-93BB-D5479DA8B683}.Debug|Any CPU.Build.0 = Debug|Any CPU
		{3D80F136-D85C-416A-93BB-D5479DA8B683}.Release|Any CPU.ActiveCfg = Release|Any CPU
		{3D80F136-D85C-416A-93BB-D5479DA8B683}.Release|Any CPU.Build.0 = Release|Any CPU
	EndGlobalSection
	GlobalSection(SolutionProperties) = preSolution
		HideSolutionNode = FALSE
	EndGlobalSection
	GlobalSection(ExtensibilityGlobals) = postSolution
		SolutionGuid = {64C20CEF-3A20-48DD-9E99-EEF4CA423894}
	EndGlobalSection
EndGlobal
