
Microsoft Visual Studio Solution File, Format Version 12.00
# Visual Studio Version 16
VisualStudioVersion = 16.0.31019.35
MinimumVisualStudioVersion = 10.0.40219.1
Project("{9A19103F-16F7-4668-BE54-9A1E7A4F7556}") = "MovieMania", "MovieMania\MovieMania.csproj", "{F47AB948-963B-403E-BAF0-81307D3D8C71}"
EndProject
Project("{9A19103F-16F7-4668-BE54-9A1E7A4F7556}") = "MovieManiaTests", "MovieManiaTests\MovieManiaTests.csproj", "{C9A4793A-D529-4920-A30E-EA133BFC7303}"
EndProject
Global
	GlobalSection(SolutionConfigurationPlatforms) = preSolution
		Debug|Any CPU = Debug|Any CPU
		Release|Any CPU = Release|Any CPU
	EndGlobalSection
	GlobalSection(ProjectConfigurationPlatforms) = postSolution
		{F47AB948-963B-403E-BAF0-81307D3D8C71}.Debug|Any CPU.ActiveCfg = Debug|Any CPU
		{F47AB948-963B-403E-BAF0-81307D3D8C71}.Debug|Any CPU.Build.0 = Debug|Any CPU
		{F47AB948-963B-403E-BAF0-81307D3D8C71}.Release|Any CPU.ActiveCfg = Release|Any CPU
		{F47AB948-963B-403E-BAF0-81307D3D8C71}.Release|Any CPU.Build.0 = Release|Any CPU
		{C9A4793A-D529-4920-A30E-EA133BFC7303}.Debug|Any CPU.ActiveCfg = Debug|Any CPU
		{C9A4793A-D529-4920-A30E-EA133BFC7303}.Debug|Any CPU.Build.0 = Debug|Any CPU
		{C9A4793A-D529-4920-A30E-EA133BFC7303}.Release|Any CPU.ActiveCfg = Release|Any CPU
		{C9A4793A-D529-4920-A30E-EA133BFC7303}.Release|Any CPU.Build.0 = Release|Any CPU
	EndGlobalSection
	GlobalSection(SolutionProperties) = preSolution
		HideSolutionNode = FALSE
	EndGlobalSection
	GlobalSection(ExtensibilityGlobals) = postSolution
		SolutionGuid = {E223454F-4EB5-4A3B-9DBC-848FA375F27C}
	EndGlobalSection
EndGlobal
