
Microsoft Visual Studio Solution File, Format Version 12.00
# Visual Studio Version 16
VisualStudioVersion = 16.0.31727.386
MinimumVisualStudioVersion = 10.0.40219.1
Project("{FAE04EC0-301F-11D3-BF4B-00C04F79EFBC}") = "Binary Tree", "Binary Tree.csproj", "{657B8451-1E19-47A8-AA56-1DA4D684D7E1}"
EndProject
Global
	GlobalSection(SolutionConfigurationPlatforms) = preSolution
		Debug|Any CPU = Debug|Any CPU
		Release|Any CPU = Release|Any CPU
	EndGlobalSection
	GlobalSection(ProjectConfigurationPlatforms) = postSolution
		{657B8451-1E19-47A8-AA56-1DA4D684D7E1}.Debug|Any CPU.ActiveCfg = Debug|Any CPU
		{657B8451-1E19-47A8-AA56-1DA4D684D7E1}.Debug|Any CPU.Build.0 = Debug|Any CPU
		{657B8451-1E19-47A8-AA56-1DA4D684D7E1}.Release|Any CPU.ActiveCfg = Release|Any CPU
		{657B8451-1E19-47A8-AA56-1DA4D684D7E1}.Release|Any CPU.Build.0 = Release|Any CPU
	EndGlobalSection
	GlobalSection(SolutionProperties) = preSolution
		HideSolutionNode = FALSE
	EndGlobalSection
	GlobalSection(ExtensibilityGlobals) = postSolution
		SolutionGuid = {A55DD91B-1BC8-4D4C-802E-AC039DF52E19}
	EndGlobalSection
EndGlobal
